
Microsoft Visual Studio Solution File, Format Version 12.00
# Visual Studio 15
VisualStudioVersion = 15.0.28307.902
MinimumVisualStudioVersion = 10.0.40219.1
Project("{FAE04EC0-301F-11D3-BF4B-00C04F79EFBC}") = "CribbageScore", "CribbageScore.csproj", "{2E7CB861-21CF-4C25-9659-0EDB3FF3BFB5}"
EndProject
Project("{FAE04EC0-301F-11D3-BF4B-00C04F79EFBC}") = "CribTable", "..\CribTable\CribTable.csproj", "{53644E15-50DD-4119-818C-A0F18B165E7F}"
EndProject
Global
	GlobalSection(SolutionConfigurationPlatforms) = preSolution
		Debug|Any CPU = Debug|Any CPU
		Release|Any CPU = Release|Any CPU
	EndGlobalSection
	GlobalSection(ProjectConfigurationPlatforms) = postSolution
		{2E7CB861-21CF-4C25-9659-0EDB3FF3BFB5}.Debug|Any CPU.ActiveCfg = Debug|Any CPU
		{2E7CB861-21CF-4C25-9659-0EDB3FF3BFB5}.Debug|Any CPU.Build.0 = Debug|Any CPU
		{2E7CB861-21CF-4C25-9659-0EDB3FF3BFB5}.Release|Any CPU.ActiveCfg = Release|Any CPU
		{2E7CB861-21CF-4C25-9659-0EDB3FF3BFB5}.Release|Any CPU.Build.0 = Release|Any CPU
		{53644E15-50DD-4119-818C-A0F18B165E7F}.Debug|Any CPU.ActiveCfg = Debug|Any CPU
		{53644E15-50DD-4119-818C-A0F18B165E7F}.Debug|Any CPU.Build.0 = Debug|Any CPU
		{53644E15-50DD-4119-818C-A0F18B165E7F}.Release|Any CPU.ActiveCfg = Release|Any CPU
		{53644E15-50DD-4119-818C-A0F18B165E7F}.Release|Any CPU.Build.0 = Release|Any CPU
	EndGlobalSection
	GlobalSection(SolutionProperties) = preSolution
		HideSolutionNode = FALSE
	EndGlobalSection
	GlobalSection(ExtensibilityGlobals) = postSolution
		SolutionGuid = {8EF1EDFE-91E3-490B-BCD2-57734BB28141}
	EndGlobalSection
EndGlobal
