
Microsoft Visual Studio Solution File, Format Version 12.00
# Visual Studio Version 16
VisualStudioVersion = 16.0.29709.97
MinimumVisualStudioVersion = 10.0.40219.1
Project("{FAE04EC0-301F-11D3-BF4B-00C04F79EFBC}") = "CribTable", "CribTable.csproj", "{53644E15-50DD-4119-818C-A0F18B165E7F}"
EndProject
Global
	GlobalSection(SolutionConfigurationPlatforms) = preSolution
		Debug|Any CPU = Debug|Any CPU
		Release|Any CPU = Release|Any CPU
	EndGlobalSection
	GlobalSection(ProjectConfigurationPlatforms) = postSolution
		{53644E15-50DD-4119-818C-A0F18B165E7F}.Debug|Any CPU.ActiveCfg = Debug|Any CPU
		{53644E15-50DD-4119-818C-A0F18B165E7F}.Debug|Any CPU.Build.0 = Debug|Any CPU
		{53644E15-50DD-4119-818C-A0F18B165E7F}.Release|Any CPU.ActiveCfg = Release|Any CPU
		{53644E15-50DD-4119-818C-A0F18B165E7F}.Release|Any CPU.Build.0 = Release|Any CPU
	EndGlobalSection
	GlobalSection(SolutionProperties) = preSolution
		HideSolutionNode = FALSE
	EndGlobalSection
	GlobalSection(ExtensibilityGlobals) = postSolution
		SolutionGuid = {1B7B03EE-AB01-4C90-AF87-028B8158807A}
	EndGlobalSection
EndGlobal
